
Microsoft Visual Studio Solution File, Format Version 12.00
# Visual Studio 2017
Project("{FAE04EC0-301F-11D3-BF4B-00C04F79EFBC}") = "lompat-lompatan", "lompat-lompatan.csproj", "{2752E485-43DE-5F61-E527-09BF27E2EB63}"
EndProject
Global
	GlobalSection(SolutionConfigurationPlatforms) = preSolution
		Debug|Any CPU = Debug|Any CPU
		Release|Any CPU = Release|Any CPU
	EndGlobalSection
	GlobalSection(ProjectConfigurationPlatforms) = postSolution
		{2752E485-43DE-5F61-E527-09BF27E2EB63}.Debug|Any CPU.ActiveCfg = Debug|Any CPU
		{2752E485-43DE-5F61-E527-09BF27E2EB63}.Debug|Any CPU.Build.0 = Debug|Any CPU
		{2752E485-43DE-5F61-E527-09BF27E2EB63}.Release|Any CPU.ActiveCfg = Release|Any CPU
		{2752E485-43DE-5F61-E527-09BF27E2EB63}.Release|Any CPU.Build.0 = Release|Any CPU
	EndGlobalSection
	GlobalSection(SolutionProperties) = preSolution
		HideSolutionNode = FALSE
	EndGlobalSection
EndGlobal
